
Microsoft Visual Studio Solution File, Format Version 12.00
# Visual Studio 15
VisualStudioVersion = 15.0.28010.2046
MinimumVisualStudioVersion = 10.0.40219.1
Project("{FAE04EC0-301F-11D3-BF4B-00C04F79EFBC}") = "Client", "Client\Client.csproj", "{06DC90C3-46B9-4917-A2D8-1B328A99278B}"
EndProject
Global
	GlobalSection(SolutionConfigurationPlatforms) = preSolution
		Debug|Any CPU = Debug|Any CPU
		Release|Any CPU = Release|Any CPU
	EndGlobalSection
	GlobalSection(ProjectConfigurationPlatforms) = postSolution
		{06DC90C3-46B9-4917-A2D8-1B328A99278B}.Debug|Any CPU.ActiveCfg = Debug|Any CPU
		{06DC90C3-46B9-4917-A2D8-1B328A99278B}.Debug|Any CPU.Build.0 = Debug|Any CPU
		{06DC90C3-46B9-4917-A2D8-1B328A99278B}.Release|Any CPU.ActiveCfg = Release|Any CPU
		{06DC90C3-46B9-4917-A2D8-1B328A99278B}.Release|Any CPU.Build.0 = Release|Any CPU
	EndGlobalSection
	GlobalSection(SolutionProperties) = preSolution
		HideSolutionNode = FALSE
	EndGlobalSection
	GlobalSection(ExtensibilityGlobals) = postSolution
		SolutionGuid = {AA2AE693-131C-4B9E-B33F-ACE149E6E106}
	EndGlobalSection
EndGlobal
